// !$*UTF8*$!
{
	archiveVersion = 1;
	classes = {
	};
	objectVersion = 50;
	objects = {

/* Begin PBXBuildFile section */
		18958E2223955D5600F321A2 /* AppDelegate.m in Sources */ = {isa = PBXBuildFile; fileRef = 18958E2123955D5600F321A2 /* AppDelegate.m */; };
		18958E2523955D5600F321A2 /* SceneDelegate.m in Sources */ = {isa = PBXBuildFile; fileRef = 18958E2423955D5600F321A2 /* SceneDelegate.m */; };
		18958E2823955D5600F321A2 /* ViewController.m in Sources */ = {isa = PBXBuildFile; fileRef = 18958E2723955D5600F321A2 /* ViewController.m */; };
		18958E2B23955D5600F321A2 /* Main.storyboard in Resources */ = {isa = PBXBuildFile; fileRef = 18958E2923955D5600F321A2 /* Main.storyboard */; };
		18958E2D23955D5700F321A2 /* Assets.xcassets in Resources */ = {isa = PBXBuildFile; fileRef = 18958E2C23955D5700F321A2 /* Assets.xcassets */; };
		18958E3023955D5700F321A2 /* LaunchScreen.storyboard in Resources */ = {isa = PBXBuildFile; fileRef = 18958E2E23955D5700F321A2 /* LaunchScreen.storyboard */; };
		18958E3323955D5700F321A2 /* main.m in Sources */ = {isa = PBXBuildFile; fileRef = 18958E3223955D5700F321A2 /* main.m */; };
		18958E3D23955D5700F321A2 /* iOS9Tests.m in Sources */ = {isa = PBXBuildFile; fileRef = 18958E3C23955D5700F321A2 /* iOS9Tests.m */; };
		18958E4823955D5700F321A2 /* iOS9UITests.m in Sources */ = {isa = PBXBuildFile; fileRef = 18958E4723955D5700F321A2 /* iOS9UITests.m */; };
/* End PBXBuildFile section */

/* Begin PBXContainerItemProxy section */
		18958E3923955D5700F321A2 /* PBXContainerItemProxy */ = {
			isa = PBXContainerItemProxy;
			containerPortal = 18958E1523955D5600F321A2 /* Project object */;
			proxyType = 1;
			remoteGlobalIDString = 18958E1C23955D5600F321A2;
			remoteInfo = iOS9;
		};
		18958E4423955D5700F321A2 /* PBXContainerItemProxy */ = {
			isa = PBXContainerItemProxy;
			containerPortal = 18958E1523955D5600F321A2 /* Project object */;
			proxyType = 1;
			remoteGlobalIDString = 18958E1C23955D5600F321A2;
			remoteInfo = iOS9;
		};
/* End PBXContainerItemProxy section */

/* Begin PBXFileReference section */
		18958E1D23955D5600F321A2 /* iOS9.app */ = {isa = PBXFileReference; explicitFileType = wrapper.application; includeInIndex = 0; path = iOS9.app; sourceTree = BUILT_PRODUCTS_DIR; };
		18958E2023955D5600F321A2 /* AppDelegate.h */ = {isa = PBXFileReference; lastKnownFileType = sourcecode.c.h; path = AppDelegate.h; sourceTree = "<group>"; };
		18958E2123955D5600F321A2 /* AppDelegate.m */ = {isa = PBXFileReference; lastKnownFileType = sourcecode.c.objc; path = AppDelegate.m; sourceTree = "<group>"; };
		18958E2323955D5600F321A2 /* SceneDelegate.h */ = {isa = PBXFileReference; lastKnownFileType = sourcecode.c.h; path = SceneDelegate.h; sourceTree = "<group>"; };
		18958E2423955D5600F321A2 /* SceneDelegate.m */ = {isa = PBXFileReference; lastKnownFileType = sourcecode.c.objc; path = SceneDelegate.m; sourceTree = "<group>"; };
		18958E2623955D5600F321A2 /* ViewController.h */ = {isa = PBXFileReference; lastKnownFileType = sourcecode.c.h; path = ViewController.h; sourceTree = "<group>"; };
		18958E2723955D5600F321A2 /* ViewController.m */ = {isa = PBXFileReference; lastKnownFileType = sourcecode.c.objc; path = ViewController.m; sourceTree = "<group>"; };
		18958E2A23955D5600F321A2 /* Base */ = {isa = PBXFileReference; lastKnownFileType = file.storyboard; name = Base; path = Base.lproj/Main.storyboard; sourceTree = "<group>"; };
		18958E2C23955D5700F321A2 /* Assets.xcassets */ = {isa = PBXFileReference; lastKnownFileType = folder.assetcatalog; path = Assets.xcassets; sourceTree = "<group>"; };
		18958E2F23955D5700F321A2 /* Base */ = {isa = PBXFileReference; lastKnownFileType = file.storyboard; name = Base; path = Base.lproj/LaunchScreen.storyboard; sourceTree = "<group>"; };
		18958E3123955D5700F321A2 /* Info.plist */ = {isa = PBXFileReference; lastKnownFileType = text.plist.xml; path = Info.plist; sourceTree = "<group>"; };
		18958E3223955D5700F321A2 /* main.m */ = {isa = PBXFileReference; lastKnownFileType = sourcecode.c.objc; path = main.m; sourceTree = "<group>"; };
		18958E3823955D5700F321A2 /* iOS9Tests.xctest */ = {isa = PBXFileReference; explicitFileType = wrapper.cfbundle; includeInIndex = 0; path = iOS9Tests.xctest; sourceTree = BUILT_PRODUCTS_DIR; };
		18958E3C23955D5700F321A2 /* iOS9Tests.m */ = {isa = PBXFileReference; lastKnownFileType = sourcecode.c.objc; path = iOS9Tests.m; sourceTree = "<group>"; };
		18958E3E23955D5700F321A2 /* Info.plist */ = {isa = PBXFileReference; lastKnownFileType = text.plist.xml; path = Info.plist; sourceTree = "<group>"; };
		18958E4323955D5700F321A2 /* iOS9UITests.xctest */ = {isa = PBXFileReference; explicitFileType = wrapper.cfbundle; includeInIndex = 0; path = iOS9UITests.xctest; sourceTree = BUILT_PRODUCTS_DIR; };
		18958E4723955D5700F321A2 /* iOS9UITests.m */ = {isa = PBXFileReference; lastKnownFileType = sourcecode.c.objc; path = iOS9UITests.m; sourceTree = "<group>"; };
		18958E4923955D5700F321A2 /* Info.plist */ = {isa = PBXFileReference; lastKnownFileType = text.plist.xml; path = Info.plist; sourceTree = "<group>"; };
/* End PBXFileReference section */

/* Begin PBXFrameworksBuildPhase section */
		18958E1A23955D5600F321A2 /* Frameworks */ = {
			isa = PBXFrameworksBuildPhase;
			buildActionMask = 2147483647;
			files = (
			);
			runOnlyForDeploymentPostprocessing = 0;
		};
		18958E3523955D5700F321A2 /* Frameworks */ = {
			isa = PBXFrameworksBuildPhase;
			buildActionMask = 2147483647;
			files = (
			);
			runOnlyForDeploymentPostprocessing = 0;
		};
		18958E4023955D5700F321A2 /* Frameworks */ = {
			isa = PBXFrameworksBuildPhase;
			buildActionMask = 2147483647;
			files = (
			);
			runOnlyForDeploymentPostprocessing = 0;
		};
/* End PBXFrameworksBuildPhase section */

/* Begin PBXGroup section */
		18958E1423955D5600F321A2 = {
			isa = PBXGroup;
			children = (
				18958E1F23955D5600F321A2 /* iOS9 */,
				18958E3B23955D5700F321A2 /* iOS9Tests */,
				18958E4623955D5700F321A2 /* iOS9UITests */,
				18958E1E23955D5600F321A2 /* Products */,
			);
			sourceTree = "<group>";
		};
		18958E1E23955D5600F321A2 /* Products */ = {
			isa = PBXGroup;
			children = (
				18958E1D23955D5600F321A2 /* iOS9.app */,
				18958E3823955D5700F321A2 /* iOS9Tests.xctest */,
				18958E4323955D5700F321A2 /* iOS9UITests.xctest */,
			);
			name = Products;
			sourceTree = "<group>";
		};
		18958E1F23955D5600F321A2 /* iOS9 */ = {
			isa = PBXGroup;
			children = (
				18958E2023955D5600F321A2 /* AppDelegate.h */,
				18958E2123955D5600F321A2 /* AppDelegate.m */,
				18958E2323955D5600F321A2 /* SceneDelegate.h */,
				18958E2423955D5600F321A2 /* SceneDelegate.m */,
				18958E2623955D5600F321A2 /* ViewController.h */,
				18958E2723955D5600F321A2 /* ViewController.m */,
				18958E2923955D5600F321A2 /* Main.storyboard */,
				18958E2C23955D5700F321A2 /* Assets.xcassets */,
				18958E2E23955D5700F321A2 /* LaunchScreen.storyboard */,
				18958E3123955D5700F321A2 /* Info.plist */,
				18958E3223955D5700F321A2 /* main.m */,
			);
			path = iOS9;
			sourceTree = "<group>";
		};
		18958E3B23955D5700F321A2 /* iOS9Tests */ = {
			isa = PBXGroup;
			children = (
				18958E3C23955D5700F321A2 /* iOS9Tests.m */,
				18958E3E23955D5700F321A2 /* Info.plist */,
			);
			path = iOS9Tests;
			sourceTree = "<group>";
		};
		18958E4623955D5700F321A2 /* iOS9UITests */ = {
			isa = PBXGroup;
			children = (
				18958E4723955D5700F321A2 /* iOS9UITests.m */,
				18958E4923955D5700F321A2 /* Info.plist */,
			);
			path = iOS9UITests;
			sourceTree = "<group>";
		};
/* End PBXGroup section */

/* Begin PBXNativeTarget section */
		18958E1C23955D5600F321A2 /* iOS9 */ = {
			isa = PBXNativeTarget;
			buildConfigurationList = 18958E4C23955D5700F321A2 /* Build configuration list for PBXNativeTarget "iOS9" */;
			buildPhases = (
				18958E1923955D5600F321A2 /* Sources */,
				18958E1A23955D5600F321A2 /* Frameworks */,
				18958E1B23955D5600F321A2 /* Resources */,
			);
			buildRules = (
			);
			dependencies = (
			);
			name = iOS9;
			productName = iOS9;
			productReference = 18958E1D23955D5600F321A2 /* iOS9.app */;
			productType = "com.apple.product-type.application";
		};
		18958E3723955D5700F321A2 /* iOS9Tests */ = {
			isa = PBXNativeTarget;
			buildConfigurationList = 18958E4F23955D5700F321A2 /* Build configuration list for PBXNativeTarget "iOS9Tests" */;
			buildPhases = (
				18958E3423955D5700F321A2 /* Sources */,
				18958E3523955D5700F321A2 /* Frameworks */,
				18958E3623955D5700F321A2 /* Resources */,
			);
			buildRules = (
			);
			dependencies = (
				18958E3A23955D5700F321A2 /* PBXTargetDependency */,
			);
			name = iOS9Tests;
			productName = iOS9Tests;
			productReference = 18958E3823955D5700F321A2 /* iOS9Tests.xctest */;
			productType = "com.apple.product-type.bundle.unit-test";
		};
		18958E4223955D5700F321A2 /* iOS9UITests */ = {
			isa = PBXNativeTarget;
			buildConfigurationList = 18958E5223955D5700F321A2 /* Build configuration list for PBXNativeTarget "iOS9UITests" */;
			buildPhases = (
				18958E3F23955D5700F321A2 /* Sources */,
				18958E4023955D5700F321A2 /* Frameworks */,
				18958E4123955D5700F321A2 /* Resources */,
			);
			buildRules = (
			);
			dependencies = (
				18958E4523955D5700F321A2 /* PBXTargetDependency */,
			);
			name = iOS9UITests;
			productName = iOS9UITests;
			productReference = 18958E4323955D5700F321A2 /* iOS9UITests.xctest */;
			productType = "com.apple.product-type.bundle.ui-testing";
		};
/* End PBXNativeTarget section */

/* Begin PBXProject section */
		18958E1523955D5600F321A2 /* Project object */ = {
			isa = PBXProject;
			attributes = {
				LastUpgradeCheck = 1110;
				ORGANIZATIONNAME = hyl;
				TargetAttributes = {
					18958E1C23955D5600F321A2 = {
						CreatedOnToolsVersion = 11.1;
					};
					18958E3723955D5700F321A2 = {
						CreatedOnToolsVersion = 11.1;
						TestTargetID = 18958E1C23955D5600F321A2;
					};
					18958E4223955D5700F321A2 = {
						CreatedOnToolsVersion = 11.1;
						TestTargetID = 18958E1C23955D5600F321A2;
					};
				};
			};
			buildConfigurationList = 18958E1823955D5600F321A2 /* Build configuration list for PBXProject "iOS9" */;
			compatibilityVersion = "Xcode 9.3";
			developmentRegion = en;
			hasScannedForEncodings = 0;
			knownRegions = (
				en,
				Base,
			);
			mainGroup = 18958E1423955D5600F321A2;
			productRefGroup = 18958E1E23955D5600F321A2 /* Products */;
			projectDirPath = "";
			projectRoot = "";
			targets = (
				18958E1C23955D5600F321A2 /* iOS9 */,
				18958E3723955D5700F321A2 /* iOS9Tests */,
				18958E4223955D5700F321A2 /* iOS9UITests */,
			);
		};
/* End PBXProject section */

/* Begin PBXResourcesBuildPhase section */
		18958E1B23955D5600F321A2 /* Resources */ = {
			isa = PBXResourcesBuildPhase;
			buildActionMask = 2147483647;
			files = (
				18958E3023955D5700F321A2 /* LaunchScreen.storyboard in Resources */,
				18958E2D23955D5700F321A2 /* Assets.xcassets in Resources */,
				18958E2B23955D5600F321A2 /* Main.storyboard in Resources */,
			);
			runOnlyForDeploymentPostprocessing = 0;
		};
		18958E3623955D5700F321A2 /* Resources */ = {
			isa = PBXResourcesBuildPhase;
			buildActionMask = 2147483647;
			files = (
			);
			runOnlyForDeploymentPostprocessing = 0;
		};
		18958E4123955D5700F321A2 /* Resources */ = {
			isa = PBXResourcesBuildPhase;
			buildActionMask = 2147483647;
			files = (
			);
			runOnlyForDeploymentPostprocessing = 0;
		};
/* End PBXResourcesBuildPhase section */

/* Begin PBXSourcesBuildPhase section */
		18958E1923955D5600F321A2 /* Sources */ = {
			isa = PBXSourcesBuildPhase;
			buildActionMask = 2147483647;
			files = (
				18958E2823955D5600F321A2 /* ViewController.m in Sources */,
				18958E2223955D5600F321A2 /* AppDelegate.m in Sources */,
				18958E3323955D5700F321A2 /* main.m in Sources */,
				18958E2523955D5600F321A2 /* SceneDelegate.m in Sources */,
			);
			runOnlyForDeploymentPostprocessing = 0;
		};
		18958E3423955D5700F321A2 /* Sources */ = {
			isa = PBXSourcesBuildPhase;
			buildActionMask = 2147483647;
			files = (
				18958E3D23955D5700F321A2 /* iOS9Tests.m in Sources */,
			);
			runOnlyForDeploymentPostprocessing = 0;
		};
		18958E3F23955D5700F321A2 /* Sources */ = {
			isa = PBXSourcesBuildPhase;
			buildActionMask = 2147483647;
			files = (
				18958E4823955D5700F321A2 /* iOS9UITests.m in Sources */,
			);
			runOnlyForDeploymentPostprocessing = 0;
		};
/* End PBXSourcesBuildPhase section */

/* Begin PBXTargetDependency section */
		18958E3A23955D5700F321A2 /* PBXTargetDependency */ = {
			isa = PBXTargetDependency;
			target = 18958E1C23955D5600F321A2 /* iOS9 */;
			targetProxy = 18958E3923955D5700F321A2 /* PBXContainerItemProxy */;
		};
		18958E4523955D5700F321A2 /* PBXTargetDependency */ = {
			isa = PBXTargetDependency;
			target = 18958E1C23955D5600F321A2 /* iOS9 */;
			targetProxy = 18958E4423955D5700F321A2 /* PBXContainerItemProxy */;
		};
/* End PBXTargetDependency section */

/* Begin PBXVariantGroup section */
		18958E2923955D5600F321A2 /* Main.storyboard */ = {
			isa = PBXVariantGroup;
			children = (
				18958E2A23955D5600F321A2 /* Base */,
			);
			name = Main.storyboard;
			sourceTree = "<group>";
		};
		18958E2E23955D5700F321A2 /* LaunchScreen.storyboard */ = {
			isa = PBXVariantGroup;
			children = (
				18958E2F23955D5700F321A2 /* Base */,
			);
			name = LaunchScreen.storyboard;
			sourceTree = "<group>";
		};
/* End PBXVariantGroup section */

/* Begin XCBuildConfiguration section */
		18958E4A23955D5700F321A2 /* Debug */ = {
			isa = XCBuildConfiguration;
			buildSettings = {
				ALWAYS_SEARCH_USER_PATHS = NO;
				CLANG_ANALYZER_NONNULL = YES;
				CLANG_ANALYZER_NUMBER_OBJECT_CONVERSION = YES_AGGRESSIVE;
				CLANG_CXX_LANGUAGE_STANDARD = "gnu++14";
				CLANG_CXX_LIBRARY = "libc++";
				CLANG_ENABLE_MODULES = YES;
				CLANG_ENABLE_OBJC_ARC = YES;
				CLANG_ENABLE_OBJC_WEAK = YES;
				CLANG_WARN_BLOCK_CAPTURE_AUTORELEASING = YES;
				CLANG_WARN_BOOL_CONVERSION = YES;
				CLANG_WARN_COMMA = YES;
				CLANG_WARN_CONSTANT_CONVERSION = YES;
				CLANG_WARN_DEPRECATED_OBJC_IMPLEMENTATIONS = YES;
				CLANG_WARN_DIRECT_OBJC_ISA_USAGE = YES_ERROR;
				CLANG_WARN_DOCUMENTATION_COMMENTS = YES;
				CLANG_WARN_EMPTY_BODY = YES;
				CLANG_WARN_ENUM_CONVERSION = YES;
				CLANG_WARN_INFINITE_RECURSION = YES;
				CLANG_WARN_INT_CONVERSION = YES;
				CLANG_WARN_NON_LITERAL_NULL_CONVERSION = YES;
				CLANG_WARN_OBJC_IMPLICIT_RETAIN_SELF = YES;
				CLANG_WARN_OBJC_LITERAL_CONVERSION = YES;
				CLANG_WARN_OBJC_ROOT_CLASS = YES_ERROR;
				CLANG_WARN_RANGE_LOOP_ANALYSIS = YES;
				CLANG_WARN_STRICT_PROTOTYPES = YES;
				CLANG_WARN_SUSPICIOUS_MOVE = YES;
				CLANG_WARN_UNGUARDED_AVAILABILITY = YES_AGGRESSIVE;
				CLANG_WARN_UNREACHABLE_CODE = YES;
				CLANG_WARN__DUPLICATE_METHOD_MATCH = YES;
				COPY_PHASE_STRIP = NO;
				DEBUG_INFORMATION_FORMAT = dwarf;
				ENABLE_STRICT_OBJC_MSGSEND = YES;
				ENABLE_TESTABILITY = YES;
				GCC_C_LANGUAGE_STANDARD = gnu11;
				GCC_DYNAMIC_NO_PIC = NO;
				GCC_NO_COMMON_BLOCKS = YES;
				GCC_OPTIMIZATION_LEVEL = 0;
				GCC_PREPROCESSOR_DEFINITIONS = (
					"DEBUG=1",
					"$(inherited)",
				);
				GCC_WARN_64_TO_32_BIT_CONVERSION = YES;
				GCC_WARN_ABOUT_RETURN_TYPE = YES_ERROR;
				GCC_WARN_UNDECLARED_SELECTOR = YES;
				GCC_WARN_UNINITIALIZED_AUTOS = YES_AGGRESSIVE;
				GCC_WARN_UNUSED_FUNCTION = YES;
				GCC_WARN_UNUSED_VARIABLE = YES;
				IPHONEOS_DEPLOYMENT_TARGET = 13.1;
				MTL_ENABLE_DEBUG_INFO = INCLUDE_SOURCE;
				MTL_FAST_MATH = YES;
				ONLY_ACTIVE_ARCH = YES;
				SDKROOT = iphoneos;
			};
			name = Debug;
		};
		18958E4B23955D5700F321A2 /* Release */ = {
			isa = XCBuildConfiguration;
			buildSettings = {
				ALWAYS_SEARCH_USER_PATHS = NO;
				CLANG_ANALYZER_NONNULL = YES;
				CLANG_ANALYZER_NUMBER_OBJECT_CONVERSION = YES_AGGRESSIVE;
				CLANG_CXX_LANGUAGE_STANDARD = "gnu++14";
				CLANG_CXX_LIBRARY = "libc++";
				CLANG_ENABLE_MODULES = YES;
				CLANG_ENABLE_OBJC_ARC = YES;
				CLANG_ENABLE_OBJC_WEAK = YES;
				CLANG_WARN_BLOCK_CAPTURE_AUTORELEASING = YES;
				CLANG_WARN_BOOL_CONVERSION = YES;
				CLANG_WARN_COMMA = YES;
				CLANG_WARN_CONSTANT_CONVERSION = YES;
				CLANG_WARN_DEPRECATED_OBJC_IMPLEMENTATIONS = YES;
				CLANG_WARN_DIRECT_OBJC_ISA_USAGE = YES_ERROR;
				CLANG_WARN_DOCUMENTATION_COMMENTS = YES;
				CLANG_WARN_EMPTY_BODY = YES;
				CLANG_WARN_ENUM_CONVERSION = YES;
				CLANG_WARN_INFINITE_RECURSION = YES;
				CLANG_WARN_INT_CONVERSION = YES;
				CLANG_WARN_NON_LITERAL_NULL_CONVERSION = YES;
				CLANG_WARN_OBJC_IMPLICIT_RETAIN_SELF = YES;
				CLANG_WARN_OBJC_LITERAL_CONVERSION = YES;
				CLANG_WARN_OBJC_ROOT_CLASS = YES_ERROR;
				CLANG_WARN_RANGE_LOOP_ANALYSIS = YES;
				CLANG_WARN_STRICT_PROTOTYPES = YES;
				CLANG_WARN_SUSPICIOUS_MOVE = YES;
				CLANG_WARN_UNGUARDED_AVAILABILITY = YES_AGGRESSIVE;
				CLANG_WARN_UNREACHABLE_CODE = YES;
				CLANG_WARN__DUPLICATE_METHOD_MATCH = YES;
				COPY_PHASE_STRIP = NO;
				DEBUG_INFORMATION_FORMAT = "dwarf-with-dsym";
				ENABLE_NS_ASSERTIONS = NO;
				ENABLE_STRICT_OBJC_MSGSEND = YES;
				GCC_C_LANGUAGE_STANDARD = gnu11;
				GCC_NO_COMMON_BLOCKS = YES;
				GCC_WARN_64_TO_32_BIT_CONVERSION = YES;
				GCC_WARN_ABOUT_RETURN_TYPE = YES_ERROR;
				GCC_WARN_UNDECLARED_SELECTOR = YES;
				GCC_WARN_UNINITIALIZED_AUTOS = YES_AGGRESSIVE;
				GCC_WARN_UNUSED_FUNCTION = YES;
				GCC_WARN_UNUSED_VARIABLE = YES;
				IPHONEOS_DEPLOYMENT_TARGET = 13.1;
				MTL_ENABLE_DEBUG_INFO = NO;
				MTL_FAST_MATH = YES;
				SDKROOT = iphoneos;
				VALIDATE_PRODUCT = YES;
			};
			name = Release;
		};
		18958E4D23955D5700F321A2 /* Debug */ = {
			isa = XCBuildConfiguration;
			buildSettings = {
				ASSETCATALOG_COMPILER_APPICON_NAME = AppIcon;
				CODE_SIGN_STYLE = Automatic;
				DEVELOPMENT_TEAM = LAVYSFN64V;
				INFOPLIST_FILE = iOS9/Info.plist;
				LD_RUNPATH_SEARCH_PATHS = (
					"$(inherited)",
					"@executable_path/Frameworks",
				);
				PRODUCT_BUNDLE_IDENTIFIER = hyl.iOS9;
				PRODUCT_NAME = "$(TARGET_NAME)";
				TARGETED_DEVICE_FAMILY = "1,2";
			};
			name = Debug;
		};
		18958E4E23955D5700F321A2 /* Release */ = {
			isa = XCBuildConfiguration;
			buildSettings = {
				ASSETCATALOG_COMPILER_APPICON_NAME = AppIcon;
				CODE_SIGN_STYLE = Automatic;
				DEVELOPMENT_TEAM = LAVYSFN64V;
				INFOPLIST_FILE = iOS9/Info.plist;
				LD_RUNPATH_SEARCH_PATHS = (
					"$(inherited)",
					"@executable_path/Frameworks",
				);
				PRODUCT_BUNDLE_IDENTIFIER = hyl.iOS9;
				PRODUCT_NAME = "$(TARGET_NAME)";
				TARGETED_DEVICE_FAMILY = "1,2";
			};
			name = Release;
		};
		18958E5023955D5700F321A2 /* Debug */ = {
			isa = XCBuildConfiguration;
			buildSettings = {
				BUNDLE_LOADER = "$(TEST_HOST)";
				CODE_SIGN_STYLE = Automatic;
				DEVELOPMENT_TEAM = LAVYSFN64V;
				INFOPLIST_FILE = iOS9Tests/Info.plist;
				IPHONEOS_DEPLOYMENT_TARGET = 13.1;
				LD_RUNPATH_SEARCH_PATHS = (
					"$(inherited)",
					"@executable_path/Frameworks",
					"@loader_path/Frameworks",
				);
				PRODUCT_BUNDLE_IDENTIFIER = hyl.iOS9Tests;
				PRODUCT_NAME = "$(TARGET_NAME)";
				TARGETED_DEVICE_FAMILY = "1,2";
				TEST_HOST = "$(BUILT_PRODUCTS_DIR)/iOS9.app/iOS9";
			};
			name = Debug;
		};
		18958E5123955D5700F321A2 /* Release */ = {
			isa = XCBuildConfiguration;
			buildSettings = {
				BUNDLE_LOADER = "$(TEST_HOST)";
				CODE_SIGN_STYLE = Automatic;
				DEVELOPMENT_TEAM = LAVYSFN64V;
				INFOPLIST_FILE = iOS9Tests/Info.plist;
				IPHONEOS_DEPLOYMENT_TARGET = 13.1;
				LD_RUNPATH_SEARCH_PATHS = (
					"$(inherited)",
					"@executable_path/Frameworks",
					"@loader_path/Frameworks",
				);
				PRODUCT_BUNDLE_IDENTIFIER = hyl.iOS9Tests;
				PRODUCT_NAME = "$(TARGET_NAME)";
				TARGETED_DEVICE_FAMILY = "1,2";
				TEST_HOST = "$(BUILT_PRODUCTS_DIR)/iOS9.app/iOS9";
			};
			name = Release;
		};
		18958E5323955D5700F321A2 /* Debug */ = {
			isa = XCBuildConfiguration;
			buildSettings = {
				CODE_SIGN_STYLE = Automatic;
				DEVELOPMENT_TEAM = LAVYSFN64V;
				INFOPLIST_FILE = iOS9UITests/Info.plist;
				LD_RUNPATH_SEARCH_PATHS = (
					"$(inherited)",
					"@executable_path/Frameworks",
					"@loader_path/Frameworks",
				);
				PRODUCT_BUNDLE_IDENTIFIER = hyl.iOS9UITests;
				PRODUCT_NAME = "$(TARGET_NAME)";
				TARGETED_DEVICE_FAMILY = "1,2";
				TEST_TARGET_NAME = iOS9;
			};
			name = Debug;
		};
		18958E5423955D5700F321A2 /* Release */ = {
			isa = XCBuildConfiguration;
			buildSettings = {
				CODE_SIGN_STYLE = Automatic;
				DEVELOPMENT_TEAM = LAVYSFN64V;
				INFOPLIST_FILE = iOS9UITests/Info.plist;
				LD_RUNPATH_SEARCH_PATHS = (
					"$(inherited)",
					"@executable_path/Frameworks",
					"@loader_path/Frameworks",
				);
				PRODUCT_BUNDLE_IDENTIFIER = hyl.iOS9UITests;
				PRODUCT_NAME = "$(TARGET_NAME)";
				TARGETED_DEVICE_FAMILY = "1,2";
				TEST_TARGET_NAME = iOS9;
			};
			name = Release;
		};
/* End XCBuildConfiguration section */

/* Begin XCConfigurationList section */
		18958E1823955D5600F321A2 /* Build configuration list for PBXProject "iOS9" */ = {
			isa = XCConfigurationList;
			buildConfigurations = (
				18958E4A23955D5700F321A2 /* Debug */,
				18958E4B23955D5700F321A2 /* Release */,
			);
			defaultConfigurationIsVisible = 0;
			defaultConfigurationName = Release;
		};
		18958E4C23955D5700F321A2 /* Build configuration list for PBXNativeTarget "iOS9" */ = {
			isa = XCConfigurationList;
			buildConfigurations = (
				18958E4D23955D5700F321A2 /* Debug */,
				18958E4E23955D5700F321A2 /* Release */,
			);
			defaultConfigurationIsVisible = 0;
			defaultConfigurationName = Release;
		};
		18958E4F23955D5700F321A2 /* Build configuration list for PBXNativeTarget "iOS9Tests" */ = {
			isa = XCConfigurationList;
			buildConfigurations = (
				18958E5023955D5700F321A2 /* Debug */,
				18958E5123955D5700F321A2 /* Release */,
			);
			defaultConfigurationIsVisible = 0;
			defaultConfigurationName = Release;
		};
		18958E5223955D5700F321A2 /* Build configuration list for PBXNativeTarget "iOS9UITests" */ = {
			isa = XCConfigurationList;
			buildConfigurations = (
				18958E5323955D5700F321A2 /* Debug */,
				18958E5423955D5700F321A2 /* Release */,
			);
			defaultConfigurationIsVisible = 0;
			defaultConfigurationName = Release;
		};
/* End XCConfigurationList section */
	};
	rootObject = 18958E1523955D5600F321A2 /* Project object */;
}
